// !$*UTF8*$!
{
	archiveVersion = 1;
	classes = {
	};
	objectVersion = 56;
	objects = {

/* Begin PBXBuildFile section */
		7446C7882913662200ED037E /* TableViewController.swift in Sources */ = {isa = PBXBuildFile; fileRef = 7446C7872913662200ED037E /* TableViewController.swift */; };
		7446C78D2913A83A00ED037E /* QYXReportMan.swift in Sources */ = {isa = PBXBuildFile; fileRef = 7446C78C2913A83A00ED037E /* QYXReportMan.swift */; };
		7446C78F2913AE5000ED037E /* QYXReportTopView.swift in Sources */ = {isa = PBXBuildFile; fileRef = 7446C78E2913AE5000ED037E /* QYXReportTopView.swift */; };
		7446C7912913C6A000ED037E /* QYXReportTypeView.swift in Sources */ = {isa = PBXBuildFile; fileRef = 7446C7902913C6A000ED037E /* QYXReportTypeView.swift */; };
		7446C7932914CE2500ED037E /* QYXReportContentView.swift in Sources */ = {isa = PBXBuildFile; fileRef = 7446C7922914CE2500ED037E /* QYXReportContentView.swift */; };
		7446C7952914F21C00ED037E /* QYXReportTypeData.json in Resources */ = {isa = PBXBuildFile; fileRef = 7446C7942914F21C00ED037E /* QYXReportTypeData.json */; };
		7446C7982914F45400ED037E /* QYXReportType.swift in Sources */ = {isa = PBXBuildFile; fileRef = 7446C7972914F45400ED037E /* QYXReportType.swift */; };
		7446C79A2914F49600ED037E /* QYXReportData.swift in Sources */ = {isa = PBXBuildFile; fileRef = 7446C7992914F49600ED037E /* QYXReportData.swift */; };
		749610C629194F59002956BC /* QYXReportUtil.swift in Sources */ = {isa = PBXBuildFile; fileRef = 749610C529194F59002956BC /* QYXReportUtil.swift */; };
		74DBB2082913638C0052CEE7 /* AppDelegate.swift in Sources */ = {isa = PBXBuildFile; fileRef = 74DBB2072913638C0052CEE7 /* AppDelegate.swift */; };
		74DBB20A2913638C0052CEE7 /* SceneDelegate.swift in Sources */ = {isa = PBXBuildFile; fileRef = 74DBB2092913638C0052CEE7 /* SceneDelegate.swift */; };
		74DBB20C2913638C0052CEE7 /* ViewController.swift in Sources */ = {isa = PBXBuildFile; fileRef = 74DBB20B2913638C0052CEE7 /* ViewController.swift */; };
		74DBB20F2913638C0052CEE7 /* Main.storyboard in Resources */ = {isa = PBXBuildFile; fileRef = 74DBB20D2913638C0052CEE7 /* Main.storyboard */; };
		74DBB2112913638E0052CEE7 /* Assets.xcassets in Resources */ = {isa = PBXBuildFile; fileRef = 74DBB2102913638E0052CEE7 /* Assets.xcassets */; };
		74DBB2142913638E0052CEE7 /* LaunchScreen.storyboard in Resources */ = {isa = PBXBuildFile; fileRef = 74DBB2122913638E0052CEE7 /* LaunchScreen.storyboard */; };
/* End PBXBuildFile section */

/* Begin PBXFileReference section */
		7446C7872913662200ED037E /* TableViewController.swift */ = {isa = PBXFileReference; lastKnownFileType = sourcecode.swift; path = TableViewController.swift; sourceTree = "<group>"; };
		7446C78C2913A83A00ED037E /* QYXReportMan.swift */ = {isa = PBXFileReference; lastKnownFileType = sourcecode.swift; path = QYXReportMan.swift; sourceTree = "<group>"; };
		7446C78E2913AE5000ED037E /* QYXReportTopView.swift */ = {isa = PBXFileReference; lastKnownFileType = sourcecode.swift; path = QYXReportTopView.swift; sourceTree = "<group>"; };
		7446C7902913C6A000ED037E /* QYXReportTypeView.swift */ = {isa = PBXFileReference; lastKnownFileType = sourcecode.swift; path = QYXReportTypeView.swift; sourceTree = "<group>"; };
		7446C7922914CE2500ED037E /* QYXReportContentView.swift */ = {isa = PBXFileReference; lastKnownFileType = sourcecode.swift; path = QYXReportContentView.swift; sourceTree = "<group>"; };
		7446C7942914F21C00ED037E /* QYXReportTypeData.json */ = {isa = PBXFileReference; lastKnownFileType = text.json; path = QYXReportTypeData.json; sourceTree = "<group>"; };
		7446C7972914F45400ED037E /* QYXReportType.swift */ = {isa = PBXFileReference; lastKnownFileType = sourcecode.swift; path = QYXReportType.swift; sourceTree = "<group>"; };
		7446C7992914F49600ED037E /* QYXReportData.swift */ = {isa = PBXFileReference; lastKnownFileType = sourcecode.swift; path = QYXReportData.swift; sourceTree = "<group>"; };
		749610C529194F59002956BC /* QYXReportUtil.swift */ = {isa = PBXFileReference; lastKnownFileType = sourcecode.swift; path = QYXReportUtil.swift; sourceTree = "<group>"; };
		74DBB2042913638C0052CEE7 /* QHReportDemo.app */ = {isa = PBXFileReference; explicitFileType = wrapper.application; includeInIndex = 0; path = QHReportDemo.app; sourceTree = BUILT_PRODUCTS_DIR; };
		74DBB2072913638C0052CEE7 /* AppDelegate.swift */ = {isa = PBXFileReference; lastKnownFileType = sourcecode.swift; path = AppDelegate.swift; sourceTree = "<group>"; };
		74DBB2092913638C0052CEE7 /* SceneDelegate.swift */ = {isa = PBXFileReference; lastKnownFileType = sourcecode.swift; path = SceneDelegate.swift; sourceTree = "<group>"; };
		74DBB20B2913638C0052CEE7 /* ViewController.swift */ = {isa = PBXFileReference; lastKnownFileType = sourcecode.swift; path = ViewController.swift; sourceTree = "<group>"; };
		74DBB20E2913638C0052CEE7 /* Base */ = {isa = PBXFileReference; lastKnownFileType = file.storyboard; name = Base; path = Base.lproj/Main.storyboard; sourceTree = "<group>"; };
		74DBB2102913638E0052CEE7 /* Assets.xcassets */ = {isa = PBXFileReference; lastKnownFileType = folder.assetcatalog; path = Assets.xcassets; sourceTree = "<group>"; };
		74DBB2132913638E0052CEE7 /* Base */ = {isa = PBXFileReference; lastKnownFileType = file.storyboard; name = Base; path = Base.lproj/LaunchScreen.storyboard; sourceTree = "<group>"; };
		74DBB2152913638E0052CEE7 /* Info.plist */ = {isa = PBXFileReference; lastKnownFileType = text.plist.xml; path = Info.plist; sourceTree = "<group>"; };
/* End PBXFileReference section */

/* Begin PBXFrameworksBuildPhase section */
		74DBB2012913638C0052CEE7 /* Frameworks */ = {
			isa = PBXFrameworksBuildPhase;
			buildActionMask = 2147483647;
			files = (
			);
			runOnlyForDeploymentPostprocessing = 0;
		};
/* End PBXFrameworksBuildPhase section */

/* Begin PBXGroup section */
		7446C7892913694400ED037E /* ReportMan */ = {
			isa = PBXGroup;
			children = (
				7446C7962914F3EF00ED037E /* Models */,
				7446C78C2913A83A00ED037E /* QYXReportMan.swift */,
				7446C78E2913AE5000ED037E /* QYXReportTopView.swift */,
				7446C7902913C6A000ED037E /* QYXReportTypeView.swift */,
				7446C7922914CE2500ED037E /* QYXReportContentView.swift */,
				749610C529194F59002956BC /* QYXReportUtil.swift */,
			);
			path = ReportMan;
			sourceTree = "<group>";
		};
		7446C7962914F3EF00ED037E /* Models */ = {
			isa = PBXGroup;
			children = (
				7446C7942914F21C00ED037E /* QYXReportTypeData.json */,
				7446C7972914F45400ED037E /* QYXReportType.swift */,
				7446C7992914F49600ED037E /* QYXReportData.swift */,
			);
			path = Models;
			sourceTree = "<group>";
		};
		74DBB1FB2913638C0052CEE7 = {
			isa = PBXGroup;
			children = (
				74DBB2062913638C0052CEE7 /* QHReportDemo */,
				74DBB2052913638C0052CEE7 /* Products */,
			);
			sourceTree = "<group>";
		};
		74DBB2052913638C0052CEE7 /* Products */ = {
			isa = PBXGroup;
			children = (
				74DBB2042913638C0052CEE7 /* QHReportDemo.app */,
			);
			name = Products;
			sourceTree = "<group>";
		};
		74DBB2062913638C0052CEE7 /* QHReportDemo */ = {
			isa = PBXGroup;
			children = (
				7446C7892913694400ED037E /* ReportMan */,
				74DBB2072913638C0052CEE7 /* AppDelegate.swift */,
				74DBB2092913638C0052CEE7 /* SceneDelegate.swift */,
				74DBB20B2913638C0052CEE7 /* ViewController.swift */,
				7446C7872913662200ED037E /* TableViewController.swift */,
				74DBB20D2913638C0052CEE7 /* Main.storyboard */,
				74DBB2102913638E0052CEE7 /* Assets.xcassets */,
				74DBB2122913638E0052CEE7 /* LaunchScreen.storyboard */,
				74DBB2152913638E0052CEE7 /* Info.plist */,
			);
			path = QHReportDemo;
			sourceTree = "<group>";
		};
/* End PBXGroup section */

/* Begin PBXNativeTarget section */
		74DBB2032913638C0052CEE7 /* QHReportDemo */ = {
			isa = PBXNativeTarget;
			buildConfigurationList = 74DBB2182913638E0052CEE7 /* Build configuration list for PBXNativeTarget "QHReportDemo" */;
			buildPhases = (
				74DBB2002913638C0052CEE7 /* Sources */,
				74DBB2012913638C0052CEE7 /* Frameworks */,
				74DBB2022913638C0052CEE7 /* Resources */,
			);
			buildRules = (
			);
			dependencies = (
			);
			name = QHReportDemo;
			productName = QHReportDemo;
			productReference = 74DBB2042913638C0052CEE7 /* QHReportDemo.app */;
			productType = "com.apple.product-type.application";
		};
/* End PBXNativeTarget section */

/* Begin PBXProject section */
		74DBB1FC2913638C0052CEE7 /* Project object */ = {
			isa = PBXProject;
			attributes = {
				BuildIndependentTargetsInParallel = 1;
				LastSwiftUpdateCheck = 1400;
				LastUpgradeCheck = 1400;
				TargetAttributes = {
					74DBB2032913638C0052CEE7 = {
						CreatedOnToolsVersion = 14.0;
					};
				};
			};
			buildConfigurationList = 74DBB1FF2913638C0052CEE7 /* Build configuration list for PBXProject "QHReportDemo" */;
			compatibilityVersion = "Xcode 14.0";
			developmentRegion = en;
			hasScannedForEncodings = 0;
			knownRegions = (
				en,
				Base,
			);
			mainGroup = 74DBB1FB2913638C0052CEE7;
			productRefGroup = 74DBB2052913638C0052CEE7 /* Products */;
			projectDirPath = "";
			projectRoot = "";
			targets = (
				74DBB2032913638C0052CEE7 /* QHReportDemo */,
			);
		};
/* End PBXProject section */

/* Begin PBXResourcesBuildPhase section */
		74DBB2022913638C0052CEE7 /* Resources */ = {
			isa = PBXResourcesBuildPhase;
			buildActionMask = 2147483647;
			files = (
				74DBB2142913638E0052CEE7 /* LaunchScreen.storyboard in Resources */,
				74DBB2112913638E0052CEE7 /* Assets.xcassets in Resources */,
				7446C7952914F21C00ED037E /* QYXReportTypeData.json in Resources */,
				74DBB20F2913638C0052CEE7 /* Main.storyboard in Resources */,
			);
			runOnlyForDeploymentPostprocessing = 0;
		};
/* End PBXResourcesBuildPhase section */

/* Begin PBXSourcesBuildPhase section */
		74DBB2002913638C0052CEE7 /* Sources */ = {
			isa = PBXSourcesBuildPhase;
			buildActionMask = 2147483647;
			files = (
				74DBB20C2913638C0052CEE7 /* ViewController.swift in Sources */,
				749610C629194F59002956BC /* QYXReportUtil.swift in Sources */,
				74DBB2082913638C0052CEE7 /* AppDelegate.swift in Sources */,
				74DBB20A2913638C0052CEE7 /* SceneDelegate.swift in Sources */,
				7446C79A2914F49600ED037E /* QYXReportData.swift in Sources */,
				7446C78F2913AE5000ED037E /* QYXReportTopView.swift in Sources */,
				7446C7882913662200ED037E /* TableViewController.swift in Sources */,
				7446C7912913C6A000ED037E /* QYXReportTypeView.swift in Sources */,
				7446C7982914F45400ED037E /* QYXReportType.swift in Sources */,
				7446C78D2913A83A00ED037E /* QYXReportMan.swift in Sources */,
				7446C7932914CE2500ED037E /* QYXReportContentView.swift in Sources */,
			);
			runOnlyForDeploymentPostprocessing = 0;
		};
/* End PBXSourcesBuildPhase section */

/* Begin PBXVariantGroup section */
		74DBB20D2913638C0052CEE7 /* Main.storyboard */ = {
			isa = PBXVariantGroup;
			children = (
				74DBB20E2913638C0052CEE7 /* Base */,
			);
			name = Main.storyboard;
			sourceTree = "<group>";
		};
		74DBB2122913638E0052CEE7 /* LaunchScreen.storyboard */ = {
			isa = PBXVariantGroup;
			children = (
				74DBB2132913638E0052CEE7 /* Base */,
			);
			name = LaunchScreen.storyboard;
			sourceTree = "<group>";
		};
/* End PBXVariantGroup section */

/* Begin XCBuildConfiguration section */
		74DBB2162913638E0052CEE7 /* Debug */ = {
			isa = XCBuildConfiguration;
			buildSettings = {
				ALWAYS_SEARCH_USER_PATHS = NO;
				CLANG_ANALYZER_NONNULL = YES;
				CLANG_ANALYZER_NUMBER_OBJECT_CONVERSION = YES_AGGRESSIVE;
				CLANG_CXX_LANGUAGE_STANDARD = "gnu++20";
				CLANG_ENABLE_MODULES = YES;
				CLANG_ENABLE_OBJC_ARC = YES;
				CLANG_ENABLE_OBJC_WEAK = YES;
				CLANG_WARN_BLOCK_CAPTURE_AUTORELEASING = YES;
				CLANG_WARN_BOOL_CONVERSION = YES;
				CLANG_WARN_COMMA = YES;
				CLANG_WARN_CONSTANT_CONVERSION = YES;
				CLANG_WARN_DEPRECATED_OBJC_IMPLEMENTATIONS = YES;
				CLANG_WARN_DIRECT_OBJC_ISA_USAGE = YES_ERROR;
				CLANG_WARN_DOCUMENTATION_COMMENTS = YES;
				CLANG_WARN_EMPTY_BODY = YES;
				CLANG_WARN_ENUM_CONVERSION = YES;
				CLANG_WARN_INFINITE_RECURSION = YES;
				CLANG_WARN_INT_CONVERSION = YES;
				CLANG_WARN_NON_LITERAL_NULL_CONVERSION = YES;
				CLANG_WARN_OBJC_IMPLICIT_RETAIN_SELF = YES;
				CLANG_WARN_OBJC_LITERAL_CONVERSION = YES;
				CLANG_WARN_OBJC_ROOT_CLASS = YES_ERROR;
				CLANG_WARN_QUOTED_INCLUDE_IN_FRAMEWORK_HEADER = YES;
				CLANG_WARN_RANGE_LOOP_ANALYSIS = YES;
				CLANG_WARN_STRICT_PROTOTYPES = YES;
				CLANG_WARN_SUSPICIOUS_MOVE = YES;
				CLANG_WARN_UNGUARDED_AVAILABILITY = YES_AGGRESSIVE;
				CLANG_WARN_UNREACHABLE_CODE = YES;
				CLANG_WARN__DUPLICATE_METHOD_MATCH = YES;
				COPY_PHASE_STRIP = NO;
				DEBUG_INFORMATION_FORMAT = dwarf;
				ENABLE_STRICT_OBJC_MSGSEND = YES;
				ENABLE_TESTABILITY = YES;
				GCC_C_LANGUAGE_STANDARD = gnu11;
				GCC_DYNAMIC_NO_PIC = NO;
				GCC_NO_COMMON_BLOCKS = YES;
				GCC_OPTIMIZATION_LEVEL = 0;
				GCC_PREPROCESSOR_DEFINITIONS = (
					"DEBUG=1",
					"$(inherited)",
				);
				GCC_WARN_64_TO_32_BIT_CONVERSION = YES;
				GCC_WARN_ABOUT_RETURN_TYPE = YES_ERROR;
				GCC_WARN_UNDECLARED_SELECTOR = YES;
				GCC_WARN_UNINITIALIZED_AUTOS = YES_AGGRESSIVE;
				GCC_WARN_UNUSED_FUNCTION = YES;
				GCC_WARN_UNUSED_VARIABLE = YES;
				IPHONEOS_DEPLOYMENT_TARGET = 16.0;
				MTL_ENABLE_DEBUG_INFO = INCLUDE_SOURCE;
				MTL_FAST_MATH = YES;
				ONLY_ACTIVE_ARCH = YES;
				SDKROOT = iphoneos;
				SWIFT_ACTIVE_COMPILATION_CONDITIONS = DEBUG;
				SWIFT_OPTIMIZATION_LEVEL = "-Onone";
			};
			name = Debug;
		};
		74DBB2172913638E0052CEE7 /* Release */ = {
			isa = XCBuildConfiguration;
			buildSettings = {
				ALWAYS_SEARCH_USER_PATHS = NO;
				CLANG_ANALYZER_NONNULL = YES;
				CLANG_ANALYZER_NUMBER_OBJECT_CONVERSION = YES_AGGRESSIVE;
				CLANG_CXX_LANGUAGE_STANDARD = "gnu++20";
				CLANG_ENABLE_MODULES = YES;
				CLANG_ENABLE_OBJC_ARC = YES;
				CLANG_ENABLE_OBJC_WEAK = YES;
				CLANG_WARN_BLOCK_CAPTURE_AUTORELEASING = YES;
				CLANG_WARN_BOOL_CONVERSION = YES;
				CLANG_WARN_COMMA = YES;
				CLANG_WARN_CONSTANT_CONVERSION = YES;
				CLANG_WARN_DEPRECATED_OBJC_IMPLEMENTATIONS = YES;
				CLANG_WARN_DIRECT_OBJC_ISA_USAGE = YES_ERROR;
				CLANG_WARN_DOCUMENTATION_COMMENTS = YES;
				CLANG_WARN_EMPTY_BODY = YES;
				CLANG_WARN_ENUM_CONVERSION = YES;
				CLANG_WARN_INFINITE_RECURSION = YES;
				CLANG_WARN_INT_CONVERSION = YES;
				CLANG_WARN_NON_LITERAL_NULL_CONVERSION = YES;
				CLANG_WARN_OBJC_IMPLICIT_RETAIN_SELF = YES;
				CLANG_WARN_OBJC_LITERAL_CONVERSION = YES;
				CLANG_WARN_OBJC_ROOT_CLASS = YES_ERROR;
				CLANG_WARN_QUOTED_INCLUDE_IN_FRAMEWORK_HEADER = YES;
				CLANG_WARN_RANGE_LOOP_ANALYSIS = YES;
				CLANG_WARN_STRICT_PROTOTYPES = YES;
				CLANG_WARN_SUSPICIOUS_MOVE = YES;
				CLANG_WARN_UNGUARDED_AVAILABILITY = YES_AGGRESSIVE;
				CLANG_WARN_UNREACHABLE_CODE = YES;
				CLANG_WARN__DUPLICATE_METHOD_MATCH = YES;
				COPY_PHASE_STRIP = NO;
				DEBUG_INFORMATION_FORMAT = "dwarf-with-dsym";
				ENABLE_NS_ASSERTIONS = NO;
				ENABLE_STRICT_OBJC_MSGSEND = YES;
				GCC_C_LANGUAGE_STANDARD = gnu11;
				GCC_NO_COMMON_BLOCKS = YES;
				GCC_WARN_64_TO_32_BIT_CONVERSION = YES;
				GCC_WARN_ABOUT_RETURN_TYPE = YES_ERROR;
				GCC_WARN_UNDECLARED_SELECTOR = YES;
				GCC_WARN_UNINITIALIZED_AUTOS = YES_AGGRESSIVE;
				GCC_WARN_UNUSED_FUNCTION = YES;
				GCC_WARN_UNUSED_VARIABLE = YES;
				IPHONEOS_DEPLOYMENT_TARGET = 16.0;
				MTL_ENABLE_DEBUG_INFO = NO;
				MTL_FAST_MATH = YES;
				SDKROOT = iphoneos;
				SWIFT_COMPILATION_MODE = wholemodule;
				SWIFT_OPTIMIZATION_LEVEL = "-O";
				VALIDATE_PRODUCT = YES;
			};
			name = Release;
		};
		74DBB2192913638E0052CEE7 /* Debug */ = {
			isa = XCBuildConfiguration;
			buildSettings = {
				ASSETCATALOG_COMPILER_APPICON_NAME = AppIcon;
				ASSETCATALOG_COMPILER_GLOBAL_ACCENT_COLOR_NAME = AccentColor;
				CODE_SIGN_STYLE = Automatic;
				CURRENT_PROJECT_VERSION = 1;
				DEVELOPMENT_TEAM = 559F36FNHV;
				GENERATE_INFOPLIST_FILE = YES;
				INFOPLIST_FILE = QHReportDemo/Info.plist;
				INFOPLIST_KEY_UIApplicationSupportsIndirectInputEvents = YES;
				INFOPLIST_KEY_UILaunchStoryboardName = LaunchScreen;
				INFOPLIST_KEY_UIMainStoryboardFile = Main;
				INFOPLIST_KEY_UISupportedInterfaceOrientations_iPad = "UIInterfaceOrientationPortrait UIInterfaceOrientationPortraitUpsideDown UIInterfaceOrientationLandscapeLeft UIInterfaceOrientationLandscapeRight";
				INFOPLIST_KEY_UISupportedInterfaceOrientations_iPhone = "UIInterfaceOrientationPortrait UIInterfaceOrientationLandscapeLeft UIInterfaceOrientationLandscapeRight";
				IPHONEOS_DEPLOYMENT_TARGET = 13.0;
				LD_RUNPATH_SEARCH_PATHS = (
					"$(inherited)",
					"@executable_path/Frameworks",
				);
				MARKETING_VERSION = 1.0;
				PRODUCT_BUNDLE_IDENTIFIER = com.chen.QHReportDemo;
				PRODUCT_NAME = "$(TARGET_NAME)";
				SWIFT_EMIT_LOC_STRINGS = YES;
				SWIFT_VERSION = 5.0;
				TARGETED_DEVICE_FAMILY = "1,2";
			};
			name = Debug;
		};
		74DBB21A2913638E0052CEE7 /* Release */ = {
			isa = XCBuildConfiguration;
			buildSettings = {
				ASSETCATALOG_COMPILER_APPICON_NAME = AppIcon;
				ASSETCATALOG_COMPILER_GLOBAL_ACCENT_COLOR_NAME = AccentColor;
				CODE_SIGN_STYLE = Automatic;
				CURRENT_PROJECT_VERSION = 1;
				DEVELOPMENT_TEAM = 559F36FNHV;
				GENERATE_INFOPLIST_FILE = YES;
				INFOPLIST_FILE = QHReportDemo/Info.plist;
				INFOPLIST_KEY_UIApplicationSupportsIndirectInputEvents = YES;
				INFOPLIST_KEY_UILaunchStoryboardName = LaunchScreen;
				INFOPLIST_KEY_UIMainStoryboardFile = Main;
				INFOPLIST_KEY_UISupportedInterfaceOrientations_iPad = "UIInterfaceOrientationPortrait UIInterfaceOrientationPortraitUpsideDown UIInterfaceOrientationLandscapeLeft UIInterfaceOrientationLandscapeRight";
				INFOPLIST_KEY_UISupportedInterfaceOrientations_iPhone = "UIInterfaceOrientationPortrait UIInterfaceOrientationLandscapeLeft UIInterfaceOrientationLandscapeRight";
				IPHONEOS_DEPLOYMENT_TARGET = 13.0;
				LD_RUNPATH_SEARCH_PATHS = (
					"$(inherited)",
					"@executable_path/Frameworks",
				);
				MARKETING_VERSION = 1.0;
				PRODUCT_BUNDLE_IDENTIFIER = com.chen.QHReportDemo;
				PRODUCT_NAME = "$(TARGET_NAME)";
				SWIFT_EMIT_LOC_STRINGS = YES;
				SWIFT_VERSION = 5.0;
				TARGETED_DEVICE_FAMILY = "1,2";
			};
			name = Release;
		};
/* End XCBuildConfiguration section */

/* Begin XCConfigurationList section */
		74DBB1FF2913638C0052CEE7 /* Build configuration list for PBXProject "QHReportDemo" */ = {
			isa = XCConfigurationList;
			buildConfigurations = (
				74DBB2162913638E0052CEE7 /* Debug */,
				74DBB2172913638E0052CEE7 /* Release */,
			);
			defaultConfigurationIsVisible = 0;
			defaultConfigurationName = Release;
		};
		74DBB2182913638E0052CEE7 /* Build configuration list for PBXNativeTarget "QHReportDemo" */ = {
			isa = XCConfigurationList;
			buildConfigurations = (
				74DBB2192913638E0052CEE7 /* Debug */,
				74DBB21A2913638E0052CEE7 /* Release */,
			);
			defaultConfigurationIsVisible = 0;
			defaultConfigurationName = Release;
		};
/* End XCConfigurationList section */
	};
	rootObject = 74DBB1FC2913638C0052CEE7 /* Project object */;
}
